
Microsoft Visual Studio Solution File, Format Version 12.00
# Visual Studio Version 17
VisualStudioVersion = 17.14.36429.23 d17.14
MinimumVisualStudioVersion = 10.0.40219.1
Project("{FAE04EC0-301F-11D3-BF4B-00C04F79EFBC}") = "GeometryLib", "GeometryLib\GeometryLib.csproj", "{7311B7BD-ED4F-44FA-8399-212FE52C076E}"
EndProject
Project("{FAE04EC0-301F-11D3-BF4B-00C04F79EFBC}") = "GeometryCon", "GeometryCon\GeometryCon.csproj", "{7622019F-7D5F-4297-9CBB-E3C8FC920081}"
EndProject
Global
	GlobalSection(SolutionConfigurationPlatforms) = preSolution
		Debug|Any CPU = Debug|Any CPU
		Release|Any CPU = Release|Any CPU
	EndGlobalSection
	GlobalSection(ProjectConfigurationPlatforms) = postSolution
		{7311B7BD-ED4F-44FA-8399-212FE52C076E}.Debug|Any CPU.ActiveCfg = Debug|Any CPU
		{7311B7BD-ED4F-44FA-8399-212FE52C076E}.Debug|Any CPU.Build.0 = Debug|Any CPU
		{7311B7BD-ED4F-44FA-8399-212FE52C076E}.Release|Any CPU.ActiveCfg = Release|Any CPU
		{7311B7BD-ED4F-44FA-8399-212FE52C076E}.Release|Any CPU.Build.0 = Release|Any CPU
		{7622019F-7D5F-4297-9CBB-E3C8FC920081}.Debug|Any CPU.ActiveCfg = Debug|Any CPU
		{7622019F-7D5F-4297-9CBB-E3C8FC920081}.Debug|Any CPU.Build.0 = Debug|Any CPU
		{7622019F-7D5F-4297-9CBB-E3C8FC920081}.Release|Any CPU.ActiveCfg = Release|Any CPU
		{7622019F-7D5F-4297-9CBB-E3C8FC920081}.Release|Any CPU.Build.0 = Release|Any CPU
	EndGlobalSection
	GlobalSection(SolutionProperties) = preSolution
		HideSolutionNode = FALSE
	EndGlobalSection
	GlobalSection(ExtensibilityGlobals) = postSolution
		SolutionGuid = {B834C4E3-ACA0-4927-A776-B48B2100645C}
	EndGlobalSection
EndGlobal
